// !$*UTF8*$!
{
	archiveVersion = 1;
	classes = {
	};
	objectVersion = 56;
	objects = {

/* Begin PBXBuildFile section */
		90BA1D6A2B892F8A004157A8 /* Neutron.swift in Sources */ = {isa = PBXBuildFile; fileRef = 90BA1D692B892F8A004157A8 /* Neutron.swift */; };
		90BA1D6C2B8932B1004157A8 /* PathPositions.swift in Sources */ = {isa = PBXBuildFile; fileRef = 90BA1D6B2B8932B1004157A8 /* PathPositions.swift */; };
		ED95C13B2B884BEC00473FAD /* Wall.swift in Sources */ = {isa = PBXBuildFile; fileRef = ED95C13A2B884BEC00473FAD /* Wall.swift */; };
		EDDAC4ED2B87EF570037445E /* HW_3___Shielding_CalculationsApp.swift in Sources */ = {isa = PBXBuildFile; fileRef = EDDAC4EC2B87EF570037445E /* HW_3___Shielding_CalculationsApp.swift */; };
		EDDAC4EF2B87EF570037445E /* ContentView.swift in Sources */ = {isa = PBXBuildFile; fileRef = EDDAC4EE2B87EF570037445E /* ContentView.swift */; };
		EDDAC4F12B87EF590037445E /* Assets.xcassets in Resources */ = {isa = PBXBuildFile; fileRef = EDDAC4F02B87EF590037445E /* Assets.xcassets */; };
		EDDAC4F52B87EF590037445E /* Preview Assets.xcassets in Resources */ = {isa = PBXBuildFile; fileRef = EDDAC4F42B87EF590037445E /* Preview Assets.xcassets */; };
		EDDAC4FF2B87EF590037445E /* HW_3___Shielding_CalculationsTests.swift in Sources */ = {isa = PBXBuildFile; fileRef = EDDAC4FE2B87EF590037445E /* HW_3___Shielding_CalculationsTests.swift */; };
		EDDAC5092B87EF590037445E /* HW_3___Shielding_CalculationsUITests.swift in Sources */ = {isa = PBXBuildFile; fileRef = EDDAC5082B87EF590037445E /* HW_3___Shielding_CalculationsUITests.swift */; };
		EDDAC50B2B87EF590037445E /* HW_3___Shielding_CalculationsUITestsLaunchTests.swift in Sources */ = {isa = PBXBuildFile; fileRef = EDDAC50A2B87EF590037445E /* HW_3___Shielding_CalculationsUITestsLaunchTests.swift */; };
/* End PBXBuildFile section */

/* Begin PBXContainerItemProxy section */
		EDDAC4FB2B87EF590037445E /* PBXContainerItemProxy */ = {
			isa = PBXContainerItemProxy;
			containerPortal = EDDAC4E12B87EF570037445E /* Project object */;
			proxyType = 1;
			remoteGlobalIDString = EDDAC4E82B87EF570037445E;
			remoteInfo = "HW 3 - Shielding Calculations";
		};
		EDDAC5052B87EF590037445E /* PBXContainerItemProxy */ = {
			isa = PBXContainerItemProxy;
			containerPortal = EDDAC4E12B87EF570037445E /* Project object */;
			proxyType = 1;
			remoteGlobalIDString = EDDAC4E82B87EF570037445E;
			remoteInfo = "HW 3 - Shielding Calculations";
		};
/* End PBXContainerItemProxy section */

/* Begin PBXFileReference section */
		90BA1D692B892F8A004157A8 /* Neutron.swift */ = {isa = PBXFileReference; lastKnownFileType = sourcecode.swift; path = Neutron.swift; sourceTree = "<group>"; };
		90BA1D6B2B8932B1004157A8 /* PathPositions.swift */ = {isa = PBXFileReference; lastKnownFileType = sourcecode.swift; path = PathPositions.swift; sourceTree = "<group>"; };
		ED95C13A2B884BEC00473FAD /* Wall.swift */ = {isa = PBXFileReference; lastKnownFileType = sourcecode.swift; path = Wall.swift; sourceTree = "<group>"; };
		EDDAC4E92B87EF570037445E /* HW 3 - Shielding Calculations.app */ = {isa = PBXFileReference; explicitFileType = wrapper.application; includeInIndex = 0; path = "HW 3 - Shielding Calculations.app"; sourceTree = BUILT_PRODUCTS_DIR; };
		EDDAC4EC2B87EF570037445E /* HW_3___Shielding_CalculationsApp.swift */ = {isa = PBXFileReference; lastKnownFileType = sourcecode.swift; path = "HW_3___Shielding_CalculationsApp.swift"; sourceTree = "<group>"; };
		EDDAC4EE2B87EF570037445E /* ContentView.swift */ = {isa = PBXFileReference; lastKnownFileType = sourcecode.swift; path = ContentView.swift; sourceTree = "<group>"; };
		EDDAC4F02B87EF590037445E /* Assets.xcassets */ = {isa = PBXFileReference; lastKnownFileType = folder.assetcatalog; path = Assets.xcassets; sourceTree = "<group>"; };
		EDDAC4F22B87EF590037445E /* HW_3___Shielding_Calculations.entitlements */ = {isa = PBXFileReference; lastKnownFileType = text.plist.entitlements; path = "HW_3___Shielding_Calculations.entitlements"; sourceTree = "<group>"; };
		EDDAC4F42B87EF590037445E /* Preview Assets.xcassets */ = {isa = PBXFileReference; lastKnownFileType = folder.assetcatalog; path = "Preview Assets.xcassets"; sourceTree = "<group>"; };
		EDDAC4FA2B87EF590037445E /* HW 3 - Shielding CalculationsTests.xctest */ = {isa = PBXFileReference; explicitFileType = wrapper.cfbundle; includeInIndex = 0; path = "HW 3 - Shielding CalculationsTests.xctest"; sourceTree = BUILT_PRODUCTS_DIR; };
		EDDAC4FE2B87EF590037445E /* HW_3___Shielding_CalculationsTests.swift */ = {isa = PBXFileReference; lastKnownFileType = sourcecode.swift; path = "HW_3___Shielding_CalculationsTests.swift"; sourceTree = "<group>"; };
		EDDAC5042B87EF590037445E /* HW 3 - Shielding CalculationsUITests.xctest */ = {isa = PBXFileReference; explicitFileType = wrapper.cfbundle; includeInIndex = 0; path = "HW 3 - Shielding CalculationsUITests.xctest"; sourceTree = BUILT_PRODUCTS_DIR; };
		EDDAC5082B87EF590037445E /* HW_3___Shielding_CalculationsUITests.swift */ = {isa = PBXFileReference; lastKnownFileType = sourcecode.swift; path = "HW_3___Shielding_CalculationsUITests.swift"; sourceTree = "<group>"; };
		EDDAC50A2B87EF590037445E /* HW_3___Shielding_CalculationsUITestsLaunchTests.swift */ = {isa = PBXFileReference; lastKnownFileType = sourcecode.swift; path = "HW_3___Shielding_CalculationsUITestsLaunchTests.swift"; sourceTree = "<group>"; };
/* End PBXFileReference section */

/* Begin PBXFrameworksBuildPhase section */
		EDDAC4E62B87EF570037445E /* Frameworks */ = {
			isa = PBXFrameworksBuildPhase;
			buildActionMask = 2147483647;
			files = (
			);
			runOnlyForDeploymentPostprocessing = 0;
		};
		EDDAC4F72B87EF590037445E /* Frameworks */ = {
			isa = PBXFrameworksBuildPhase;
			buildActionMask = 2147483647;
			files = (
			);
			runOnlyForDeploymentPostprocessing = 0;
		};
		EDDAC5012B87EF590037445E /* Frameworks */ = {
			isa = PBXFrameworksBuildPhase;
			buildActionMask = 2147483647;
			files = (
			);
			runOnlyForDeploymentPostprocessing = 0;
		};
/* End PBXFrameworksBuildPhase section */

/* Begin PBXGroup section */
		EDDAC4E02B87EF570037445E = {
			isa = PBXGroup;
			children = (
				EDDAC4EB2B87EF570037445E /* HW 3 - Shielding Calculations */,
				EDDAC4FD2B87EF590037445E /* HW 3 - Shielding CalculationsTests */,
				EDDAC5072B87EF590037445E /* HW 3 - Shielding CalculationsUITests */,
				EDDAC4EA2B87EF570037445E /* Products */,
			);
			sourceTree = "<group>";
		};
		EDDAC4EA2B87EF570037445E /* Products */ = {
			isa = PBXGroup;
			children = (
				EDDAC4E92B87EF570037445E /* HW 3 - Shielding Calculations.app */,
				EDDAC4FA2B87EF590037445E /* HW 3 - Shielding CalculationsTests.xctest */,
				EDDAC5042B87EF590037445E /* HW 3 - Shielding CalculationsUITests.xctest */,
			);
			name = Products;
			sourceTree = "<group>";
		};
		EDDAC4EB2B87EF570037445E /* HW 3 - Shielding Calculations */ = {
			isa = PBXGroup;
			children = (
				EDDAC4EC2B87EF570037445E /* HW_3___Shielding_CalculationsApp.swift */,
				EDDAC4EE2B87EF570037445E /* ContentView.swift */,
				ED95C13A2B884BEC00473FAD /* Wall.swift */,
				90BA1D692B892F8A004157A8 /* Neutron.swift */,
				90BA1D6B2B8932B1004157A8 /* PathPositions.swift */,
				EDDAC4F02B87EF590037445E /* Assets.xcassets */,
				EDDAC4F22B87EF590037445E /* HW_3___Shielding_Calculations.entitlements */,
				EDDAC4F32B87EF590037445E /* Preview Content */,
			);
			path = "HW 3 - Shielding Calculations";
			sourceTree = "<group>";
		};
		EDDAC4F32B87EF590037445E /* Preview Content */ = {
			isa = PBXGroup;
			children = (
				EDDAC4F42B87EF590037445E /* Preview Assets.xcassets */,
			);
			path = "Preview Content";
			sourceTree = "<group>";
		};
		EDDAC4FD2B87EF590037445E /* HW 3 - Shielding CalculationsTests */ = {
			isa = PBXGroup;
			children = (
				EDDAC4FE2B87EF590037445E /* HW_3___Shielding_CalculationsTests.swift */,
			);
			path = "HW 3 - Shielding CalculationsTests";
			sourceTree = "<group>";
		};
		EDDAC5072B87EF590037445E /* HW 3 - Shielding CalculationsUITests */ = {
			isa = PBXGroup;
			children = (
				EDDAC5082B87EF590037445E /* HW_3___Shielding_CalculationsUITests.swift */,
				EDDAC50A2B87EF590037445E /* HW_3___Shielding_CalculationsUITestsLaunchTests.swift */,
			);
			path = "HW 3 - Shielding CalculationsUITests";
			sourceTree = "<group>";
		};
/* End PBXGroup section */

/* Begin PBXNativeTarget section */
		EDDAC4E82B87EF570037445E /* HW 3 - Shielding Calculations */ = {
			isa = PBXNativeTarget;
			buildConfigurationList = EDDAC50E2B87EF590037445E /* Build configuration list for PBXNativeTarget "HW 3 - Shielding Calculations" */;
			buildPhases = (
				EDDAC4E52B87EF570037445E /* Sources */,
				EDDAC4E62B87EF570037445E /* Frameworks */,
				EDDAC4E72B87EF570037445E /* Resources */,
			);
			buildRules = (
			);
			dependencies = (
			);
			name = "HW 3 - Shielding Calculations";
			productName = "HW 3 - Shielding Calculations";
			productReference = EDDAC4E92B87EF570037445E /* HW 3 - Shielding Calculations.app */;
			productType = "com.apple.product-type.application";
		};
		EDDAC4F92B87EF590037445E /* HW 3 - Shielding CalculationsTests */ = {
			isa = PBXNativeTarget;
			buildConfigurationList = EDDAC5112B87EF590037445E /* Build configuration list for PBXNativeTarget "HW 3 - Shielding CalculationsTests" */;
			buildPhases = (
				EDDAC4F62B87EF590037445E /* Sources */,
				EDDAC4F72B87EF590037445E /* Frameworks */,
				EDDAC4F82B87EF590037445E /* Resources */,
			);
			buildRules = (
			);
			dependencies = (
				EDDAC4FC2B87EF590037445E /* PBXTargetDependency */,
			);
			name = "HW 3 - Shielding CalculationsTests";
			productName = "HW 3 - Shielding CalculationsTests";
			productReference = EDDAC4FA2B87EF590037445E /* HW 3 - Shielding CalculationsTests.xctest */;
			productType = "com.apple.product-type.bundle.unit-test";
		};
		EDDAC5032B87EF590037445E /* HW 3 - Shielding CalculationsUITests */ = {
			isa = PBXNativeTarget;
			buildConfigurationList = EDDAC5142B87EF590037445E /* Build configuration list for PBXNativeTarget "HW 3 - Shielding CalculationsUITests" */;
			buildPhases = (
				EDDAC5002B87EF590037445E /* Sources */,
				EDDAC5012B87EF590037445E /* Frameworks */,
				EDDAC5022B87EF590037445E /* Resources */,
			);
			buildRules = (
			);
			dependencies = (
				EDDAC5062B87EF590037445E /* PBXTargetDependency */,
			);
			name = "HW 3 - Shielding CalculationsUITests";
			productName = "HW 3 - Shielding CalculationsUITests";
			productReference = EDDAC5042B87EF590037445E /* HW 3 - Shielding CalculationsUITests.xctest */;
			productType = "com.apple.product-type.bundle.ui-testing";
		};
/* End PBXNativeTarget section */

/* Begin PBXProject section */
		EDDAC4E12B87EF570037445E /* Project object */ = {
			isa = PBXProject;
			attributes = {
				BuildIndependentTargetsInParallel = 1;
				LastSwiftUpdateCheck = 1520;
				LastUpgradeCheck = 1520;
				TargetAttributes = {
					EDDAC4E82B87EF570037445E = {
						CreatedOnToolsVersion = 15.2;
					};
					EDDAC4F92B87EF590037445E = {
						CreatedOnToolsVersion = 15.2;
						TestTargetID = EDDAC4E82B87EF570037445E;
					};
					EDDAC5032B87EF590037445E = {
						CreatedOnToolsVersion = 15.2;
						TestTargetID = EDDAC4E82B87EF570037445E;
					};
				};
			};
			buildConfigurationList = EDDAC4E42B87EF570037445E /* Build configuration list for PBXProject "HW 3 - Shielding Calculations" */;
			compatibilityVersion = "Xcode 14.0";
			developmentRegion = en;
			hasScannedForEncodings = 0;
			knownRegions = (
				en,
				Base,
			);
			mainGroup = EDDAC4E02B87EF570037445E;
			productRefGroup = EDDAC4EA2B87EF570037445E /* Products */;
			projectDirPath = "";
			projectRoot = "";
			targets = (
				EDDAC4E82B87EF570037445E /* HW 3 - Shielding Calculations */,
				EDDAC4F92B87EF590037445E /* HW 3 - Shielding CalculationsTests */,
				EDDAC5032B87EF590037445E /* HW 3 - Shielding CalculationsUITests */,
			);
		};
/* End PBXProject section */

/* Begin PBXResourcesBuildPhase section */
		EDDAC4E72B87EF570037445E /* Resources */ = {
			isa = PBXResourcesBuildPhase;
			buildActionMask = 2147483647;
			files = (
				EDDAC4F52B87EF590037445E /* Preview Assets.xcassets in Resources */,
				EDDAC4F12B87EF590037445E /* Assets.xcassets in Resources */,
			);
			runOnlyForDeploymentPostprocessing = 0;
		};
		EDDAC4F82B87EF590037445E /* Resources */ = {
			isa = PBXResourcesBuildPhase;
			buildActionMask = 2147483647;
			files = (
			);
			runOnlyForDeploymentPostprocessing = 0;
		};
		EDDAC5022B87EF590037445E /* Resources */ = {
			isa = PBXResourcesBuildPhase;
			buildActionMask = 2147483647;
			files = (
			);
			runOnlyForDeploymentPostprocessing = 0;
		};
/* End PBXResourcesBuildPhase section */

/* Begin PBXSourcesBuildPhase section */
		EDDAC4E52B87EF570037445E /* Sources */ = {
			isa = PBXSourcesBuildPhase;
			buildActionMask = 2147483647;
			files = (
				EDDAC4EF2B87EF570037445E /* ContentView.swift in Sources */,
				ED95C13B2B884BEC00473FAD /* Wall.swift in Sources */,
				EDDAC4ED2B87EF570037445E /* HW_3___Shielding_CalculationsApp.swift in Sources */,
				90BA1D6C2B8932B1004157A8 /* PathPositions.swift in Sources */,
				90BA1D6A2B892F8A004157A8 /* Neutron.swift in Sources */,
			);
			runOnlyForDeploymentPostprocessing = 0;
		};
		EDDAC4F62B87EF590037445E /* Sources */ = {
			isa = PBXSourcesBuildPhase;
			buildActionMask = 2147483647;
			files = (
				EDDAC4FF2B87EF590037445E /* HW_3___Shielding_CalculationsTests.swift in Sources */,
			);
			runOnlyForDeploymentPostprocessing = 0;
		};
		EDDAC5002B87EF590037445E /* Sources */ = {
			isa = PBXSourcesBuildPhase;
			buildActionMask = 2147483647;
			files = (
				EDDAC5092B87EF590037445E /* HW_3___Shielding_CalculationsUITests.swift in Sources */,
				EDDAC50B2B87EF590037445E /* HW_3___Shielding_CalculationsUITestsLaunchTests.swift in Sources */,
			);
			runOnlyForDeploymentPostprocessing = 0;
		};
/* End PBXSourcesBuildPhase section */

/* Begin PBXTargetDependency section */
		EDDAC4FC2B87EF590037445E /* PBXTargetDependency */ = {
			isa = PBXTargetDependency;
			target = EDDAC4E82B87EF570037445E /* HW 3 - Shielding Calculations */;
			targetProxy = EDDAC4FB2B87EF590037445E /* PBXContainerItemProxy */;
		};
		EDDAC5062B87EF590037445E /* PBXTargetDependency */ = {
			isa = PBXTargetDependency;
			target = EDDAC4E82B87EF570037445E /* HW 3 - Shielding Calculations */;
			targetProxy = EDDAC5052B87EF590037445E /* PBXContainerItemProxy */;
		};
/* End PBXTargetDependency section */

/* Begin XCBuildConfiguration section */
		EDDAC50C2B87EF590037445E /* Debug */ = {
			isa = XCBuildConfiguration;
			buildSettings = {
				ALWAYS_SEARCH_USER_PATHS = NO;
				ASSETCATALOG_COMPILER_GENERATE_SWIFT_ASSET_SYMBOL_EXTENSIONS = YES;
				CLANG_ANALYZER_NONNULL = YES;
				CLANG_ANALYZER_NUMBER_OBJECT_CONVERSION = YES_AGGRESSIVE;
				CLANG_CXX_LANGUAGE_STANDARD = "gnu++20";
				CLANG_ENABLE_MODULES = YES;
				CLANG_ENABLE_OBJC_ARC = YES;
				CLANG_ENABLE_OBJC_WEAK = YES;
				CLANG_WARN_BLOCK_CAPTURE_AUTORELEASING = YES;
				CLANG_WARN_BOOL_CONVERSION = YES;
				CLANG_WARN_COMMA = YES;
				CLANG_WARN_CONSTANT_CONVERSION = YES;
				CLANG_WARN_DEPRECATED_OBJC_IMPLEMENTATIONS = YES;
				CLANG_WARN_DIRECT_OBJC_ISA_USAGE = YES_ERROR;
				CLANG_WARN_DOCUMENTATION_COMMENTS = YES;
				CLANG_WARN_EMPTY_BODY = YES;
				CLANG_WARN_ENUM_CONVERSION = YES;
				CLANG_WARN_INFINITE_RECURSION = YES;
				CLANG_WARN_INT_CONVERSION = YES;
				CLANG_WARN_NON_LITERAL_NULL_CONVERSION = YES;
				CLANG_WARN_OBJC_IMPLICIT_RETAIN_SELF = YES;
				CLANG_WARN_OBJC_LITERAL_CONVERSION = YES;
				CLANG_WARN_OBJC_ROOT_CLASS = YES_ERROR;
				CLANG_WARN_QUOTED_INCLUDE_IN_FRAMEWORK_HEADER = YES;
				CLANG_WARN_RANGE_LOOP_ANALYSIS = YES;
				CLANG_WARN_STRICT_PROTOTYPES = YES;
				CLANG_WARN_SUSPICIOUS_MOVE = YES;
				CLANG_WARN_UNGUARDED_AVAILABILITY = YES_AGGRESSIVE;
				CLANG_WARN_UNREACHABLE_CODE = YES;
				CLANG_WARN__DUPLICATE_METHOD_MATCH = YES;
				COPY_PHASE_STRIP = NO;
				DEBUG_INFORMATION_FORMAT = dwarf;
				ENABLE_STRICT_OBJC_MSGSEND = YES;
				ENABLE_TESTABILITY = YES;
				ENABLE_USER_SCRIPT_SANDBOXING = YES;
				GCC_C_LANGUAGE_STANDARD = gnu17;
				GCC_DYNAMIC_NO_PIC = NO;
				GCC_NO_COMMON_BLOCKS = YES;
				GCC_OPTIMIZATION_LEVEL = 0;
				GCC_PREPROCESSOR_DEFINITIONS = (
					"DEBUG=1",
					"$(inherited)",
				);
				GCC_WARN_64_TO_32_BIT_CONVERSION = YES;
				GCC_WARN_ABOUT_RETURN_TYPE = YES_ERROR;
				GCC_WARN_UNDECLARED_SELECTOR = YES;
				GCC_WARN_UNINITIALIZED_AUTOS = YES_AGGRESSIVE;
				GCC_WARN_UNUSED_FUNCTION = YES;
				GCC_WARN_UNUSED_VARIABLE = YES;
				LOCALIZATION_PREFERS_STRING_CATALOGS = YES;
				MTL_ENABLE_DEBUG_INFO = INCLUDE_SOURCE;
				MTL_FAST_MATH = YES;
				ONLY_ACTIVE_ARCH = YES;
				SWIFT_ACTIVE_COMPILATION_CONDITIONS = "DEBUG $(inherited)";
				SWIFT_OPTIMIZATION_LEVEL = "-Onone";
			};
			name = Debug;
		};
		EDDAC50D2B87EF590037445E /* Release */ = {
			isa = XCBuildConfiguration;
			buildSettings = {
				ALWAYS_SEARCH_USER_PATHS = NO;
				ASSETCATALOG_COMPILER_GENERATE_SWIFT_ASSET_SYMBOL_EXTENSIONS = YES;
				CLANG_ANALYZER_NONNULL = YES;
				CLANG_ANALYZER_NUMBER_OBJECT_CONVERSION = YES_AGGRESSIVE;
				CLANG_CXX_LANGUAGE_STANDARD = "gnu++20";
				CLANG_ENABLE_MODULES = YES;
				CLANG_ENABLE_OBJC_ARC = YES;
				CLANG_ENABLE_OBJC_WEAK = YES;
				CLANG_WARN_BLOCK_CAPTURE_AUTORELEASING = YES;
				CLANG_WARN_BOOL_CONVERSION = YES;
				CLANG_WARN_COMMA = YES;
				CLANG_WARN_CONSTANT_CONVERSION = YES;
				CLANG_WARN_DEPRECATED_OBJC_IMPLEMENTATIONS = YES;
				CLANG_WARN_DIRECT_OBJC_ISA_USAGE = YES_ERROR;
				CLANG_WARN_DOCUMENTATION_COMMENTS = YES;
				CLANG_WARN_EMPTY_BODY = YES;
				CLANG_WARN_ENUM_CONVERSION = YES;
				CLANG_WARN_INFINITE_RECURSION = YES;
				CLANG_WARN_INT_CONVERSION = YES;
				CLANG_WARN_NON_LITERAL_NULL_CONVERSION = YES;
				CLANG_WARN_OBJC_IMPLICIT_RETAIN_SELF = YES;
				CLANG_WARN_OBJC_LITERAL_CONVERSION = YES;
				CLANG_WARN_OBJC_ROOT_CLASS = YES_ERROR;
				CLANG_WARN_QUOTED_INCLUDE_IN_FRAMEWORK_HEADER = YES;
				CLANG_WARN_RANGE_LOOP_ANALYSIS = YES;
				CLANG_WARN_STRICT_PROTOTYPES = YES;
				CLANG_WARN_SUSPICIOUS_MOVE = YES;
				CLANG_WARN_UNGUARDED_AVAILABILITY = YES_AGGRESSIVE;
				CLANG_WARN_UNREACHABLE_CODE = YES;
				CLANG_WARN__DUPLICATE_METHOD_MATCH = YES;
				COPY_PHASE_STRIP = NO;
				DEBUG_INFORMATION_FORMAT = "dwarf-with-dsym";
				ENABLE_NS_ASSERTIONS = NO;
				ENABLE_STRICT_OBJC_MSGSEND = YES;
				ENABLE_USER_SCRIPT_SANDBOXING = YES;
				GCC_C_LANGUAGE_STANDARD = gnu17;
				GCC_NO_COMMON_BLOCKS = YES;
				GCC_WARN_64_TO_32_BIT_CONVERSION = YES;
				GCC_WARN_ABOUT_RETURN_TYPE = YES_ERROR;
				GCC_WARN_UNDECLARED_SELECTOR = YES;
				GCC_WARN_UNINITIALIZED_AUTOS = YES_AGGRESSIVE;
				GCC_WARN_UNUSED_FUNCTION = YES;
				GCC_WARN_UNUSED_VARIABLE = YES;
				LOCALIZATION_PREFERS_STRING_CATALOGS = YES;
				MTL_ENABLE_DEBUG_INFO = NO;
				MTL_FAST_MATH = YES;
				SWIFT_COMPILATION_MODE = wholemodule;
			};
			name = Release;
		};
		EDDAC50F2B87EF590037445E /* Debug */ = {
			isa = XCBuildConfiguration;
			buildSettings = {
				ASSETCATALOG_COMPILER_APPICON_NAME = AppIcon;
				ASSETCATALOG_COMPILER_GLOBAL_ACCENT_COLOR_NAME = AccentColor;
				CODE_SIGN_ENTITLEMENTS = "HW 3 - Shielding Calculations/HW_3___Shielding_Calculations.entitlements";
				CODE_SIGN_STYLE = Automatic;
				CURRENT_PROJECT_VERSION = 1;
				DEVELOPMENT_ASSET_PATHS = "\"HW 3 - Shielding Calculations/Preview Content\"";
				DEVELOPMENT_TEAM = "";
				ENABLE_HARDENED_RUNTIME = YES;
				ENABLE_PREVIEWS = YES;
				GENERATE_INFOPLIST_FILE = YES;
				"INFOPLIST_KEY_UIApplicationSceneManifest_Generation[sdk=iphoneos*]" = YES;
				"INFOPLIST_KEY_UIApplicationSceneManifest_Generation[sdk=iphonesimulator*]" = YES;
				"INFOPLIST_KEY_UIApplicationSupportsIndirectInputEvents[sdk=iphoneos*]" = YES;
				"INFOPLIST_KEY_UIApplicationSupportsIndirectInputEvents[sdk=iphonesimulator*]" = YES;
				"INFOPLIST_KEY_UILaunchScreen_Generation[sdk=iphoneos*]" = YES;
				"INFOPLIST_KEY_UILaunchScreen_Generation[sdk=iphonesimulator*]" = YES;
				"INFOPLIST_KEY_UIStatusBarStyle[sdk=iphoneos*]" = UIStatusBarStyleDefault;
				"INFOPLIST_KEY_UIStatusBarStyle[sdk=iphonesimulator*]" = UIStatusBarStyleDefault;
				INFOPLIST_KEY_UISupportedInterfaceOrientations_iPad = "UIInterfaceOrientationPortrait UIInterfaceOrientationPortraitUpsideDown UIInterfaceOrientationLandscapeLeft UIInterfaceOrientationLandscapeRight";
				INFOPLIST_KEY_UISupportedInterfaceOrientations_iPhone = "UIInterfaceOrientationPortrait UIInterfaceOrientationLandscapeLeft UIInterfaceOrientationLandscapeRight";
				IPHONEOS_DEPLOYMENT_TARGET = 17.2;
				LD_RUNPATH_SEARCH_PATHS = "@executable_path/Frameworks";
				"LD_RUNPATH_SEARCH_PATHS[sdk=macosx*]" = "@executable_path/../Frameworks";
				MACOSX_DEPLOYMENT_TARGET = 14.2;
				MARKETING_VERSION = 1.0;
				PRODUCT_BUNDLE_IDENTIFIER = "Test.HW-3---Shielding-Calculations";
				PRODUCT_NAME = "$(TARGET_NAME)";
				SDKROOT = auto;
				SUPPORTED_PLATFORMS = "iphoneos iphonesimulator macosx";
				SWIFT_EMIT_LOC_STRINGS = YES;
				SWIFT_VERSION = 5.0;
				TARGETED_DEVICE_FAMILY = "1,2";
			};
			name = Debug;
		};
		EDDAC5102B87EF590037445E /* Release */ = {
			isa = XCBuildConfiguration;
			buildSettings = {
				ASSETCATALOG_COMPILER_APPICON_NAME = AppIcon;
				ASSETCATALOG_COMPILER_GLOBAL_ACCENT_COLOR_NAME = AccentColor;
				CODE_SIGN_ENTITLEMENTS = "HW 3 - Shielding Calculations/HW_3___Shielding_Calculations.entitlements";
				CODE_SIGN_STYLE = Automatic;
				CURRENT_PROJECT_VERSION = 1;
				DEVELOPMENT_ASSET_PATHS = "\"HW 3 - Shielding Calculations/Preview Content\"";
				DEVELOPMENT_TEAM = "";
				ENABLE_HARDENED_RUNTIME = YES;
				ENABLE_PREVIEWS = YES;
				GENERATE_INFOPLIST_FILE = YES;
				"INFOPLIST_KEY_UIApplicationSceneManifest_Generation[sdk=iphoneos*]" = YES;
				"INFOPLIST_KEY_UIApplicationSceneManifest_Generation[sdk=iphonesimulator*]" = YES;
				"INFOPLIST_KEY_UIApplicationSupportsIndirectInputEvents[sdk=iphoneos*]" = YES;
				"INFOPLIST_KEY_UIApplicationSupportsIndirectInputEvents[sdk=iphonesimulator*]" = YES;
				"INFOPLIST_KEY_UILaunchScreen_Generation[sdk=iphoneos*]" = YES;
				"INFOPLIST_KEY_UILaunchScreen_Generation[sdk=iphonesimulator*]" = YES;
				"INFOPLIST_KEY_UIStatusBarStyle[sdk=iphoneos*]" = UIStatusBarStyleDefault;
				"INFOPLIST_KEY_UIStatusBarStyle[sdk=iphonesimulator*]" = UIStatusBarStyleDefault;
				INFOPLIST_KEY_UISupportedInterfaceOrientations_iPad = "UIInterfaceOrientationPortrait UIInterfaceOrientationPortraitUpsideDown UIInterfaceOrientationLandscapeLeft UIInterfaceOrientationLandscapeRight";
				INFOPLIST_KEY_UISupportedInterfaceOrientations_iPhone = "UIInterfaceOrientationPortrait UIInterfaceOrientationLandscapeLeft UIInterfaceOrientationLandscapeRight";
				IPHONEOS_DEPLOYMENT_TARGET = 17.2;
				LD_RUNPATH_SEARCH_PATHS = "@executable_path/Frameworks";
				"LD_RUNPATH_SEARCH_PATHS[sdk=macosx*]" = "@executable_path/../Frameworks";
				MACOSX_DEPLOYMENT_TARGET = 14.2;
				MARKETING_VERSION = 1.0;
				PRODUCT_BUNDLE_IDENTIFIER = "Test.HW-3---Shielding-Calculations";
				PRODUCT_NAME = "$(TARGET_NAME)";
				SDKROOT = auto;
				SUPPORTED_PLATFORMS = "iphoneos iphonesimulator macosx";
				SWIFT_EMIT_LOC_STRINGS = YES;
				SWIFT_VERSION = 5.0;
				TARGETED_DEVICE_FAMILY = "1,2";
			};
			name = Release;
		};
		EDDAC5122B87EF590037445E /* Debug */ = {
			isa = XCBuildConfiguration;
			buildSettings = {
				ALWAYS_EMBED_SWIFT_STANDARD_LIBRARIES = YES;
				BUNDLE_LOADER = "$(TEST_HOST)";
				CODE_SIGN_STYLE = Automatic;
				CURRENT_PROJECT_VERSION = 1;
				DEVELOPMENT_TEAM = 75J3K8B84J;
				GENERATE_INFOPLIST_FILE = YES;
				IPHONEOS_DEPLOYMENT_TARGET = 17.2;
				MACOSX_DEPLOYMENT_TARGET = 14.2;
				MARKETING_VERSION = 1.0;
				PRODUCT_BUNDLE_IDENTIFIER = "Test.HW-3---Shielding-CalculationsTests";
				PRODUCT_NAME = "$(TARGET_NAME)";
				SDKROOT = auto;
				SUPPORTED_PLATFORMS = "iphoneos iphonesimulator macosx";
				SWIFT_EMIT_LOC_STRINGS = NO;
				SWIFT_VERSION = 5.0;
				TARGETED_DEVICE_FAMILY = "1,2";
				TEST_HOST = "$(BUILT_PRODUCTS_DIR)/HW 3 - Shielding Calculations.app/$(BUNDLE_EXECUTABLE_FOLDER_PATH)/HW 3 - Shielding Calculations";
			};
			name = Debug;
		};
		EDDAC5132B87EF590037445E /* Release */ = {
			isa = XCBuildConfiguration;
			buildSettings = {
				ALWAYS_EMBED_SWIFT_STANDARD_LIBRARIES = YES;
				BUNDLE_LOADER = "$(TEST_HOST)";
				CODE_SIGN_STYLE = Automatic;
				CURRENT_PROJECT_VERSION = 1;
				DEVELOPMENT_TEAM = 75J3K8B84J;
				GENERATE_INFOPLIST_FILE = YES;
				IPHONEOS_DEPLOYMENT_TARGET = 17.2;
				MACOSX_DEPLOYMENT_TARGET = 14.2;
				MARKETING_VERSION = 1.0;
				PRODUCT_BUNDLE_IDENTIFIER = "Test.HW-3---Shielding-CalculationsTests";
				PRODUCT_NAME = "$(TARGET_NAME)";
				SDKROOT = auto;
				SUPPORTED_PLATFORMS = "iphoneos iphonesimulator macosx";
				SWIFT_EMIT_LOC_STRINGS = NO;
				SWIFT_VERSION = 5.0;
				TARGETED_DEVICE_FAMILY = "1,2";
				TEST_HOST = "$(BUILT_PRODUCTS_DIR)/HW 3 - Shielding Calculations.app/$(BUNDLE_EXECUTABLE_FOLDER_PATH)/HW 3 - Shielding Calculations";
			};
			name = Release;
		};
		EDDAC5152B87EF590037445E /* Debug */ = {
			isa = XCBuildConfiguration;
			buildSettings = {
				ALWAYS_EMBED_SWIFT_STANDARD_LIBRARIES = YES;
				CODE_SIGN_STYLE = Automatic;
				CURRENT_PROJECT_VERSION = 1;
				DEVELOPMENT_TEAM = 75J3K8B84J;
				GENERATE_INFOPLIST_FILE = YES;
				IPHONEOS_DEPLOYMENT_TARGET = 17.2;
				MACOSX_DEPLOYMENT_TARGET = 14.2;
				MARKETING_VERSION = 1.0;
				PRODUCT_BUNDLE_IDENTIFIER = "Test.HW-3---Shielding-CalculationsUITests";
				PRODUCT_NAME = "$(TARGET_NAME)";
				SDKROOT = auto;
				SUPPORTED_PLATFORMS = "iphoneos iphonesimulator macosx";
				SWIFT_EMIT_LOC_STRINGS = NO;
				SWIFT_VERSION = 5.0;
				TARGETED_DEVICE_FAMILY = "1,2";
				TEST_TARGET_NAME = "HW 3 - Shielding Calculations";
			};
			name = Debug;
		};
		EDDAC5162B87EF590037445E /* Release */ = {
			isa = XCBuildConfiguration;
			buildSettings = {
				ALWAYS_EMBED_SWIFT_STANDARD_LIBRARIES = YES;
				CODE_SIGN_STYLE = Automatic;
				CURRENT_PROJECT_VERSION = 1;
				DEVELOPMENT_TEAM = 75J3K8B84J;
				GENERATE_INFOPLIST_FILE = YES;
				IPHONEOS_DEPLOYMENT_TARGET = 17.2;
				MACOSX_DEPLOYMENT_TARGET = 14.2;
				MARKETING_VERSION = 1.0;
				PRODUCT_BUNDLE_IDENTIFIER = "Test.HW-3---Shielding-CalculationsUITests";
				PRODUCT_NAME = "$(TARGET_NAME)";
				SDKROOT = auto;
				SUPPORTED_PLATFORMS = "iphoneos iphonesimulator macosx";
				SWIFT_EMIT_LOC_STRINGS = NO;
				SWIFT_VERSION = 5.0;
				TARGETED_DEVICE_FAMILY = "1,2";
				TEST_TARGET_NAME = "HW 3 - Shielding Calculations";
			};
			name = Release;
		};
/* End XCBuildConfiguration section */

/* Begin XCConfigurationList section */
		EDDAC4E42B87EF570037445E /* Build configuration list for PBXProject "HW 3 - Shielding Calculations" */ = {
			isa = XCConfigurationList;
			buildConfigurations = (
				EDDAC50C2B87EF590037445E /* Debug */,
				EDDAC50D2B87EF590037445E /* Release */,
			);
			defaultConfigurationIsVisible = 0;
			defaultConfigurationName = Release;
		};
		EDDAC50E2B87EF590037445E /* Build configuration list for PBXNativeTarget "HW 3 - Shielding Calculations" */ = {
			isa = XCConfigurationList;
			buildConfigurations = (
				EDDAC50F2B87EF590037445E /* Debug */,
				EDDAC5102B87EF590037445E /* Release */,
			);
			defaultConfigurationIsVisible = 0;
			defaultConfigurationName = Release;
		};
		EDDAC5112B87EF590037445E /* Build configuration list for PBXNativeTarget "HW 3 - Shielding CalculationsTests" */ = {
			isa = XCConfigurationList;
			buildConfigurations = (
				EDDAC5122B87EF590037445E /* Debug */,
				EDDAC5132B87EF590037445E /* Release */,
			);
			defaultConfigurationIsVisible = 0;
			defaultConfigurationName = Release;
		};
		EDDAC5142B87EF590037445E /* Build configuration list for PBXNativeTarget "HW 3 - Shielding CalculationsUITests" */ = {
			isa = XCConfigurationList;
			buildConfigurations = (
				EDDAC5152B87EF590037445E /* Debug */,
				EDDAC5162B87EF590037445E /* Release */,
			);
			defaultConfigurationIsVisible = 0;
			defaultConfigurationName = Release;
		};
/* End XCConfigurationList section */
	};
	rootObject = EDDAC4E12B87EF570037445E /* Project object */;
}
